
Microsoft Visual Studio Solution File, Format Version 12.00
# Visual Studio Version 16
VisualStudioVersion = 16.0.29709.97
MinimumVisualStudioVersion = 10.0.40219.1
Project("{FAE04EC0-301F-11D3-BF4B-00C04F79EFBC}") = "Avatar.App.Api", "Avatar.App.Api\Avatar.App.Api.csproj", "{A81BA41C-BD53-40A7-B634-B91175082F68}"
EndProject
Project("{FAE04EC0-301F-11D3-BF4B-00C04F79EFBC}") = "Avatar.App.Context", "Avatar.App.Context\Avatar.App.Context.csproj", "{EB389796-115E-4205-9753-F50E6BB788D9}"
EndProject
Project("{FAE04EC0-301F-11D3-BF4B-00C04F79EFBC}") = "Avatar.App.Service", "Avatar.App.Service\Avatar.App.Service.csproj", "{B8345CDC-249A-4347-B788-941794D16110}"
EndProject
Project("{FAE04EC0-301F-11D3-BF4B-00C04F79EFBC}") = "Avatar.App.Entities", "Avatar.App.Entities\Avatar.App.Entities.csproj", "{12E6B885-2CEB-47C9-803A-D0B26B3B4853}"
EndProject
Global
	GlobalSection(SolutionConfigurationPlatforms) = preSolution
		Debug|Any CPU = Debug|Any CPU
		Release|Any CPU = Release|Any CPU
	EndGlobalSection
	GlobalSection(ProjectConfigurationPlatforms) = postSolution
		{A81BA41C-BD53-40A7-B634-B91175082F68}.Debug|Any CPU.ActiveCfg = Debug|Any CPU
		{A81BA41C-BD53-40A7-B634-B91175082F68}.Debug|Any CPU.Build.0 = Debug|Any CPU
		{A81BA41C-BD53-40A7-B634-B91175082F68}.Release|Any CPU.ActiveCfg = Release|Any CPU
		{A81BA41C-BD53-40A7-B634-B91175082F68}.Release|Any CPU.Build.0 = Release|Any CPU
		{EB389796-115E-4205-9753-F50E6BB788D9}.Debug|Any CPU.ActiveCfg = Debug|Any CPU
		{EB389796-115E-4205-9753-F50E6BB788D9}.Debug|Any CPU.Build.0 = Debug|Any CPU
		{EB389796-115E-4205-9753-F50E6BB788D9}.Release|Any CPU.ActiveCfg = Release|Any CPU
		{EB389796-115E-4205-9753-F50E6BB788D9}.Release|Any CPU.Build.0 = Release|Any CPU
		{B8345CDC-249A-4347-B788-941794D16110}.Debug|Any CPU.ActiveCfg = Debug|Any CPU
		{B8345CDC-249A-4347-B788-941794D16110}.Debug|Any CPU.Build.0 = Debug|Any CPU
		{B8345CDC-249A-4347-B788-941794D16110}.Release|Any CPU.ActiveCfg = Release|Any CPU
		{B8345CDC-249A-4347-B788-941794D16110}.Release|Any CPU.Build.0 = Release|Any CPU
		{12E6B885-2CEB-47C9-803A-D0B26B3B4853}.Debug|Any CPU.ActiveCfg = Debug|Any CPU
		{12E6B885-2CEB-47C9-803A-D0B26B3B4853}.Debug|Any CPU.Build.0 = Debug|Any CPU
		{12E6B885-2CEB-47C9-803A-D0B26B3B4853}.Release|Any CPU.ActiveCfg = Release|Any CPU
		{12E6B885-2CEB-47C9-803A-D0B26B3B4853}.Release|Any CPU.Build.0 = Release|Any CPU
	EndGlobalSection
	GlobalSection(SolutionProperties) = preSolution
		HideSolutionNode = FALSE
	EndGlobalSection
	GlobalSection(ExtensibilityGlobals) = postSolution
		SolutionGuid = {7ABA2413-790F-4563-95F7-1B3848AFA859}
	EndGlobalSection
EndGlobal
